
Microsoft Visual Studio Solution File, Format Version 12.00
# Visual Studio Version 16
VisualStudioVersion = 16.0.28803.916
MinimumVisualStudioVersion = 10.0.40219.1
Project("{FAE04EC0-301F-11D3-BF4B-00C04F79EFBC}") = "DecribeOfQ", "DecribeOfQ\DecribeOfQ.csproj", "{57846ACC-9ED3-4078-BE9D-87102F11406D}"
EndProject
Global
	GlobalSection(SolutionConfigurationPlatforms) = preSolution
		Debug|Any CPU = Debug|Any CPU
		Release|Any CPU = Release|Any CPU
	EndGlobalSection
	GlobalSection(ProjectConfigurationPlatforms) = postSolution
		{57846ACC-9ED3-4078-BE9D-87102F11406D}.Debug|Any CPU.ActiveCfg = Debug|Any CPU
		{57846ACC-9ED3-4078-BE9D-87102F11406D}.Debug|Any CPU.Build.0 = Debug|Any CPU
		{57846ACC-9ED3-4078-BE9D-87102F11406D}.Release|Any CPU.ActiveCfg = Release|Any CPU
		{57846ACC-9ED3-4078-BE9D-87102F11406D}.Release|Any CPU.Build.0 = Release|Any CPU
	EndGlobalSection
	GlobalSection(SolutionProperties) = preSolution
		HideSolutionNode = FALSE
	EndGlobalSection
	GlobalSection(ExtensibilityGlobals) = postSolution
		SolutionGuid = {0AF263E7-F484-4557-BDE6-2802117E57FD}
	EndGlobalSection
EndGlobal
